{
  "name": "portfolio",
  "lockfileVersion": 3,
  "requires": true,
  "packages": {
    "": {
      "dependencies": {
        "jquery": "^3.7.1",
        "jquery-aniview": "^1.0.4"
      }
    },
    "node_modules/animate.css": {
      "version": "4.1.1",
      "resolved": "https://registry.npmjs.org/animate.css/-/animate.css-4.1.1.tgz",
      "integrity": "sha512-+mRmCTv6SbCmtYJCN4faJMNFVNN5EuCTTprDTAo7YzIGji2KADmakjVA3+8mVDkZ2Bf09vayB35lSQIex2+QaQ==",
      "peer": true
    },
    "node_modules/jquery": {
      "version": "3.7.1",
      "resolved": "https://registry.npmjs.org/jquery/-/jquery-3.7.1.tgz",
      "integrity": "sha512-m4avr8yL8kmFN8psrbFFFmB/If14iN5o9nw/NgnnM+kybDJpRsAynV2BsfpTYrTRysYUdADVD7CkUUizgkpLfg=="
    },
    "node_modules/jquery-aniview": {
      "version": "1.0.4",
      "resolved": "https://registry.npmjs.org/jquery-aniview/-/jquery-aniview-1.0.4.tgz",
      "integrity": "sha512-tS8aUWDbcwdfWkHSYlVFvI5X50Gddo9ElsMBIBsiceDH/V+EgmtkejchjMc0egviYCf7HVmQvtBQmI+76JiDHw==",
      "peerDependencies": {
        "animate.css": "*",
        "jquery": ">1.1.0"
      }
    }
  }
}
